{
  "name": "aqari-v198",
  "version": "198.0.0",
  "lockfileVersion": 3,
  "requires": true,
  "packages": {
    "": {
      "name": "aqari-v198",
      "version": "198.0.0",
      "dependencies": {
        "botid": "1.5.11"
      },
      "devDependencies": {
        "playwright": "^1.63.0"
      }
    },
    "node_modules/botid": {
      "version": "1.5.11",
      "resolved": "https://registry.npmjs.org/botid/-/botid-1.5.11.tgz",
      "integrity": "sha512-KOO1A3+/vFVJk5aFoG3sNwiogKFPVR+x4aw4gQ1b2e0XoE+i5xp48/EZn+WqR07jRHeDGwHWQUOtV5WVm7xiww==",
      "peerDependencies": {
        "next": "*",
        "react": "^18.0.0 || ^19.0.0"
      },
      "peerDependenciesMeta": {
        "next": {
          "optional": true
        },
        "react": {
          "optional": true
        }
      }
    },
    "node_modules/playwright": {
      "version": "1.63.0",
      "resolved": "https://registry.npmjs.org/playwright/-/playwright-1.63.0.tgz",
      "integrity": "sha512-+7ziBLidS4NaNCdt57SUDT+wYmmd5fmiQejUic/kb+YsYSCPyOOE9sebzMjNmQrsnNpDJqd4WHvV/8lfKfUDUg==",
      "dev": true,
      "license": "Apache-2.0",
      "dependencies": {
        "playwright-core": "1.63.0"
      },
      "bin": {
        "playwright": "cli.js"
      },
      "engines": {
        "node": ">=20"
      }
    },
    "node_modules/playwright-core": {
      "version": "1.63.0",
      "resolved": "https://registry.npmjs.org/playwright-core/-/playwright-core-1.63.0.tgz",
      "integrity": "sha512-rYCsBF/M5HjUch52bbtVONEFjv6Xu8sm8h72dNlR5bzIE1fvC/bxgspzkjSfU+MweEMmPM8KJebG6nnyxo5mCg==",
      "dev": true,
      "license": "Apache-2.0",
      "bin": {
        "playwright-core": "cli.js"
      },
      "engines": {
        "node": ">=20"
      }
    }
  }
}
